
Microsoft Visual Studio Solution File, Format Version 11.00
# Visual Studio 2010
Project("{FAE04EC0-301F-11D3-BF4B-00C04F79EFBC}") = "Assembly-CSharp", "Assembly-CSharp.csproj", "{77a0e5c6-b15b-81ea-3a34-58ae1fe3335d}"
EndProject
Project("{FAE04EC0-301F-11D3-BF4B-00C04F79EFBC}") = "NatSuite.Recorders", "NatSuite.Recorders.csproj", "{f449896f-bdc7-06be-7f66-bf21541d9f75}"
EndProject
Project("{FAE04EC0-301F-11D3-BF4B-00C04F79EFBC}") = "Assembly-CSharp-Editor", "Assembly-CSharp-Editor.csproj", "{df4f825b-8c94-c9ed-674a-35ca694092cd}"
EndProject
Global
	GlobalSection(SolutionConfigurationPlatforms) = preSolution
		Debug|Any CPU = Debug|Any CPU
		Release|Any CPU = Release|Any CPU
	EndGlobalSection
	GlobalSection(ProjectConfigurationPlatforms) = postSolution
		{77a0e5c6-b15b-81ea-3a34-58ae1fe3335d}.Debug|Any CPU.ActiveCfg = Debug|Any CPU
		{77a0e5c6-b15b-81ea-3a34-58ae1fe3335d}.Debug|Any CPU.Build.0 = Debug|Any CPU
		{77a0e5c6-b15b-81ea-3a34-58ae1fe3335d}.Release|Any CPU.ActiveCfg = Release|Any CPU
		{77a0e5c6-b15b-81ea-3a34-58ae1fe3335d}.Release|Any CPU.Build.0 = Release|Any CPU
		{f449896f-bdc7-06be-7f66-bf21541d9f75}.Debug|Any CPU.ActiveCfg = Debug|Any CPU
		{f449896f-bdc7-06be-7f66-bf21541d9f75}.Debug|Any CPU.Build.0 = Debug|Any CPU
		{f449896f-bdc7-06be-7f66-bf21541d9f75}.Release|Any CPU.ActiveCfg = Release|Any CPU
		{f449896f-bdc7-06be-7f66-bf21541d9f75}.Release|Any CPU.Build.0 = Release|Any CPU
		{df4f825b-8c94-c9ed-674a-35ca694092cd}.Debug|Any CPU.ActiveCfg = Debug|Any CPU
		{df4f825b-8c94-c9ed-674a-35ca694092cd}.Debug|Any CPU.Build.0 = Debug|Any CPU
		{df4f825b-8c94-c9ed-674a-35ca694092cd}.Release|Any CPU.ActiveCfg = Release|Any CPU
		{df4f825b-8c94-c9ed-674a-35ca694092cd}.Release|Any CPU.Build.0 = Release|Any CPU
	EndGlobalSection
	GlobalSection(SolutionProperties) = preSolution
		HideSolutionNode = FALSE
	EndGlobalSection
EndGlobal
